
Microsoft Visual Studio Solution File, Format Version 12.00
# Visual Studio Version 17
VisualStudioVersion = 17.12.35521.163 d17.12
MinimumVisualStudioVersion = 10.0.40219.1
Project("{FAE04EC0-301F-11D3-BF4B-00C04F79EFBC}") = "ARCFOUR", "ARCFOUR\ARCFOUR.csproj", "{0FD3868F-87CE-469E-88BA-4F856B8B3D87}"
EndProject
Project("{2150E333-8FDC-42A3-9474-1A3956D46DE8}") = "Solution Items", "Solution Items", "{4A1C8D77-0BA1-474F-B985-716EB3C55EDC}"
	ProjectSection(SolutionItems) = preProject
		.editorconfig = .editorconfig
	EndProjectSection
EndProject
Project("{FAE04EC0-301F-11D3-BF4B-00C04F79EFBC}") = "ARCFOUR.Example", "ARCFOUR.Example\ARCFOUR.Example.csproj", "{AB23CBAA-A192-402B-B87C-D77C7CFFEA88}"
	ProjectSection(ProjectDependencies) = postProject
		{0FD3868F-87CE-469E-88BA-4F856B8B3D87} = {0FD3868F-87CE-469E-88BA-4F856B8B3D87}
	EndProjectSection
EndProject
Global
	GlobalSection(SolutionConfigurationPlatforms) = preSolution
		Debug|Any CPU = Debug|Any CPU
		Release|Any CPU = Release|Any CPU
	EndGlobalSection
	GlobalSection(ProjectConfigurationPlatforms) = postSolution
		{0FD3868F-87CE-469E-88BA-4F856B8B3D87}.Debug|Any CPU.ActiveCfg = Debug|Any CPU
		{0FD3868F-87CE-469E-88BA-4F856B8B3D87}.Debug|Any CPU.Build.0 = Debug|Any CPU
		{0FD3868F-87CE-469E-88BA-4F856B8B3D87}.Release|Any CPU.ActiveCfg = Release|Any CPU
		{0FD3868F-87CE-469E-88BA-4F856B8B3D87}.Release|Any CPU.Build.0 = Release|Any CPU
		{AB23CBAA-A192-402B-B87C-D77C7CFFEA88}.Debug|Any CPU.ActiveCfg = Debug|Any CPU
		{AB23CBAA-A192-402B-B87C-D77C7CFFEA88}.Debug|Any CPU.Build.0 = Debug|Any CPU
		{AB23CBAA-A192-402B-B87C-D77C7CFFEA88}.Release|Any CPU.ActiveCfg = Release|Any CPU
		{AB23CBAA-A192-402B-B87C-D77C7CFFEA88}.Release|Any CPU.Build.0 = Release|Any CPU
	EndGlobalSection
	GlobalSection(SolutionProperties) = preSolution
		HideSolutionNode = FALSE
	EndGlobalSection
EndGlobal
